<?xml version="1.0" encoding="utf-8"?>
<Project ToolsVersion="4.0" xmlns="http://schemas.microsoft.com/developer/msbuild/2003">
  <ItemGroup>
    <Filter Include="Wspólne">
      <UniqueIdentifier>4d9b666b-da5b-43fc-acfa-4c82b1bba017</UniqueIdentifier>
    </Filter>
    <Filter Include="Zasoby">
      <UniqueIdentifier>1bc66191-3049-4597-a3ad-1403d3760fe7</UniqueIdentifier>
      <Extensions>bmp;fbx;gif;jpg;jpeg;tga;tiff;tif;png</Extensions>
    </Filter>
    <Filter Include="Zawartość">
      <UniqueIdentifier>ea265fc6-5a1f-4535-b7ed-b7cb34a19574</UniqueIdentifier>
    </Filter>
    <ClInclude Include="Common\DirectXHelper.h">
      <Filter>Wspólne</Filter>
    </ClInclude>
    <ClInclude Include="Common\StepTimer.h">
      <Filter>Wspólne</Filter>
    </ClInclude>
    <ClInclude Include="Common\DeviceResources.h">
      <Filter>Wspólne</Filter>
    </ClInclude>
    <ClCompile Include="Common\DeviceResources.cpp">
      <Filter>Wspólne</Filter>
    </ClCompile>
    <ClInclude Include="Content\Sample3DSceneRenderer.h">
      <Filter>Zawartość</Filter>
    </ClInclude>
    <ClInclude Include="Content\SampleFpsTextRenderer.h">
      <Filter>Zawartość</Filter>
    </ClInclude>
    <ClInclude Include="Content\ShaderStructures.h">
      <Filter>Zawartość</Filter>
    </ClInclude>
    <ClCompile Include="Content\Sample3DSceneRenderer.cpp">
      <Filter>Zawartość</Filter>
    </ClCompile>
    <ClCompile Include="Content\SampleFpsTextRenderer.cpp">
      <Filter>Zawartość</Filter>
    </ClCompile>
    <FxCompile Include="Content\SamplePixelShader.hlsl">
      <Filter>Zawartość</Filter>
    </FxCompile>
    <FxCompile Include="Content\SampleVertexShader.hlsl">
      <Filter>Zawartość</Filter>
    </FxCompile>
  </ItemGroup>
  <ItemGroup>
    <ApplicationDefinition Include="App.xaml" />
  </ItemGroup>
  <ItemGroup>
    <ClCompile Include="ChessRPGMain.cpp" />
    <ClCompile Include="pch.cpp" />
  </ItemGroup>
  <ItemGroup>
    <ClInclude Include="ChessRPGMain.h" />
    <ClInclude Include="pch.h" />
    <ClInclude Include="Piece.h" />
  </ItemGroup>
  <ItemGroup>
    <Image Include="Assets\Background.jpg">
      <Filter>Zasoby</Filter>
    </Image>
    <Image Include="Assets\Stagebackground.jpg">
      <Filter>Zasoby</Filter>
    </Image>
    <Image Include="Assets\BlackPawn.png">
      <Filter>Zasoby</Filter>
    </Image>
    <Image Include="Assets\WhitePawn.png">
      <Filter>Zasoby</Filter>
    </Image>
    <Image Include="Assets\BlackBishop.png">
      <Filter>Zasoby</Filter>
    </Image>
    <Image Include="Assets\BlackKing.png">
      <Filter>Zasoby</Filter>
    </Image>
    <Image Include="Assets\BlackKnight.png">
      <Filter>Zasoby</Filter>
    </Image>
    <Image Include="Assets\BlackQueen.png">
      <Filter>Zasoby</Filter>
    </Image>
    <Image Include="Assets\BlackRook.png">
      <Filter>Zasoby</Filter>
    </Image>
    <Image Include="Assets\WhiteBishop.png">
      <Filter>Zasoby</Filter>
    </Image>
    <Image Include="Assets\WhiteKing.png">
      <Filter>Zasoby</Filter>
    </Image>
    <Image Include="Assets\WhiteKnight.png">
      <Filter>Zasoby</Filter>
    </Image>
    <Image Include="Assets\WhiteQueen.png">
      <Filter>Zasoby</Filter>
    </Image>
    <Image Include="Assets\WhiteRook.png">
      <Filter>Zasoby</Filter>
    </Image>
    <Image Include="Assets\Background_Stage.png">
      <Filter>Zasoby</Filter>
    </Image>
    <Image Include="Assets\BlackShield.png">
      <Filter>Zasoby</Filter>
    </Image>
    <Image Include="Assets\WhiteShield.png">
      <Filter>Zasoby</Filter>
    </Image>
    <Image Include="Assets\BlackFire.png">
      <Filter>Zasoby</Filter>
    </Image>
    <Image Include="Assets\WhiteFire.png">
      <Filter>Zasoby</Filter>
    </Image>
    <Image Include="Assets\SplashScreen.scale-200.png">
      <Filter>Zasoby</Filter>
    </Image>
    <Image Include="Assets\LockScreenLogo.scale-200.png">
      <Filter>Zasoby</Filter>
    </Image>
    <Image Include="Assets\Square44x44Logo.scale-200.png">
      <Filter>Zasoby</Filter>
    </Image>
    <Image Include="Assets\Square44x44Logo.targetsize-24_altform-unplated.png">
      <Filter>Zasoby</Filter>
    </Image>
    <Image Include="Assets\Square150x150Logo.scale-200.png">
      <Filter>Zasoby</Filter>
    </Image>
    <Image Include="Assets\StoreLogo.png">
      <Filter>Zasoby</Filter>
    </Image>
    <Image Include="Assets\Wide310x150Logo.scale-200.png">
      <Filter>Zasoby</Filter>
    </Image>
  </ItemGroup>
  <ItemGroup>
    <AppxManifest Include="Package.appxmanifest" />
  </ItemGroup>
  <ItemGroup>
    <Page Include="DirectXPage.xaml" />
    <Page Include="MainMenu.xaml" />
    <Page Include="Multipage.xaml" />
    <Page Include="Settingspage.xaml" />
    <Page Include="Singleplayerpage.xaml" />
    <Page Include="Newgame.xaml" />
    <Page Include="Stage.xaml" />
    <Page Include="LoadGame.xaml" />
  </ItemGroup>
  <ItemGroup>
    <None Include="packages.config" />
    <None Include="ChessRPG_TemporaryKey.pfx" />
  </ItemGroup>
</Project>